
Microsoft Visual Studio Solution File, Format Version 12.00
# Visual Studio Version 16
VisualStudioVersion = 16.0.31313.79
MinimumVisualStudioVersion = 10.0.40219.1
Project("{FAE04EC0-301F-11D3-BF4B-00C04F79EFBC}") = "Minesweeper", "Minesweeper\Minesweeper.csproj", "{90A57B94-BF9D-4F07-923F-A3A7BB10FAD7}"
EndProject
Global
	GlobalSection(SolutionConfigurationPlatforms) = preSolution
		Debug|Any CPU = Debug|Any CPU
		Release|Any CPU = Release|Any CPU
	EndGlobalSection
	GlobalSection(ProjectConfigurationPlatforms) = postSolution
		{90A57B94-BF9D-4F07-923F-A3A7BB10FAD7}.Debug|Any CPU.ActiveCfg = Debug|Any CPU
		{90A57B94-BF9D-4F07-923F-A3A7BB10FAD7}.Debug|Any CPU.Build.0 = Debug|Any CPU
		{90A57B94-BF9D-4F07-923F-A3A7BB10FAD7}.Release|Any CPU.ActiveCfg = Release|Any CPU
		{90A57B94-BF9D-4F07-923F-A3A7BB10FAD7}.Release|Any CPU.Build.0 = Release|Any CPU
	EndGlobalSection
	GlobalSection(SolutionProperties) = preSolution
		HideSolutionNode = FALSE
	EndGlobalSection
	GlobalSection(ExtensibilityGlobals) = postSolution
		SolutionGuid = {6FE59673-1F11-4B8E-BB7B-F1F58BA7A27A}
	EndGlobalSection
EndGlobal
